
Microsoft Visual Studio Solution File, Format Version 12.00
# Visual Studio Version 16
VisualStudioVersion = 16.0.31129.286
MinimumVisualStudioVersion = 10.0.40219.1
Project("{FAE04EC0-301F-11D3-BF4B-00C04F79EFBC}") = "Vector", "Vector.csproj", "{33B30091-4B58-4BEC-B9CC-D9CE9CB21DD1}"
EndProject
Project("{FAE04EC0-301F-11D3-BF4B-00C04F79EFBC}") = "VectorTests", "..\VectorTests\VectorTests.csproj", "{D3B29059-91DD-4FEB-A7C7-53638F07A5ED}"
EndProject
Global
	GlobalSection(SolutionConfigurationPlatforms) = preSolution
		Debug|Any CPU = Debug|Any CPU
		Release|Any CPU = Release|Any CPU
	EndGlobalSection
	GlobalSection(ProjectConfigurationPlatforms) = postSolution
		{33B30091-4B58-4BEC-B9CC-D9CE9CB21DD1}.Debug|Any CPU.ActiveCfg = Debug|Any CPU
		{33B30091-4B58-4BEC-B9CC-D9CE9CB21DD1}.Debug|Any CPU.Build.0 = Debug|Any CPU
		{33B30091-4B58-4BEC-B9CC-D9CE9CB21DD1}.Release|Any CPU.ActiveCfg = Release|Any CPU
		{33B30091-4B58-4BEC-B9CC-D9CE9CB21DD1}.Release|Any CPU.Build.0 = Release|Any CPU
		{D3B29059-91DD-4FEB-A7C7-53638F07A5ED}.Debug|Any CPU.ActiveCfg = Debug|Any CPU
		{D3B29059-91DD-4FEB-A7C7-53638F07A5ED}.Debug|Any CPU.Build.0 = Debug|Any CPU
		{D3B29059-91DD-4FEB-A7C7-53638F07A5ED}.Release|Any CPU.ActiveCfg = Release|Any CPU
		{D3B29059-91DD-4FEB-A7C7-53638F07A5ED}.Release|Any CPU.Build.0 = Release|Any CPU
	EndGlobalSection
	GlobalSection(SolutionProperties) = preSolution
		HideSolutionNode = FALSE
	EndGlobalSection
	GlobalSection(ExtensibilityGlobals) = postSolution
		SolutionGuid = {EFAC4323-00F0-4F4D-AE4A-149CC93A8AA9}
	EndGlobalSection
EndGlobal
